
Microsoft Visual Studio Solution File, Format Version 12.00
# Visual Studio Version 16
VisualStudioVersion = 16.0.30406.217
MinimumVisualStudioVersion = 10.0.40219.1
Project("{9A19103F-16F7-4668-BE54-9A1E7A4F7556}") = "PayYourLight", "PayYourLight\PayYourLight.csproj", "{608CF24F-3AC7-47E7-9256-92AAC2CF9235}"
EndProject
Global
	GlobalSection(SolutionConfigurationPlatforms) = preSolution
		Debug|Any CPU = Debug|Any CPU
		Release|Any CPU = Release|Any CPU
	EndGlobalSection
	GlobalSection(ProjectConfigurationPlatforms) = postSolution
		{608CF24F-3AC7-47E7-9256-92AAC2CF9235}.Debug|Any CPU.ActiveCfg = Debug|Any CPU
		{608CF24F-3AC7-47E7-9256-92AAC2CF9235}.Debug|Any CPU.Build.0 = Debug|Any CPU
		{608CF24F-3AC7-47E7-9256-92AAC2CF9235}.Release|Any CPU.ActiveCfg = Release|Any CPU
		{608CF24F-3AC7-47E7-9256-92AAC2CF9235}.Release|Any CPU.Build.0 = Release|Any CPU
	EndGlobalSection
	GlobalSection(SolutionProperties) = preSolution
		HideSolutionNode = FALSE
	EndGlobalSection
	GlobalSection(ExtensibilityGlobals) = postSolution
		SolutionGuid = {33755A21-E2FD-46D4-B6F8-E7CDA6035689}
	EndGlobalSection
EndGlobal
